
Microsoft Visual Studio Solution File, Format Version 12.00
# Visual Studio 15
VisualStudioVersion = 15.0.27004.2002
MinimumVisualStudioVersion = 10.0.40219.1
Project("{FAE04EC0-301F-11D3-BF4B-00C04F79EFBC}") = "DesignPatterns", "DesignPatterns.csproj", "{D6DC9912-2701-4B6C-A845-EEDA1FA12357}"
EndProject
Global
	GlobalSection(SolutionConfigurationPlatforms) = preSolution
		Debug|Any CPU = Debug|Any CPU
		Release|Any CPU = Release|Any CPU
	EndGlobalSection
	GlobalSection(ProjectConfigurationPlatforms) = postSolution
		{D6DC9912-2701-4B6C-A845-EEDA1FA12357}.Debug|Any CPU.ActiveCfg = Debug|Any CPU
		{D6DC9912-2701-4B6C-A845-EEDA1FA12357}.Debug|Any CPU.Build.0 = Debug|Any CPU
		{D6DC9912-2701-4B6C-A845-EEDA1FA12357}.Release|Any CPU.ActiveCfg = Release|Any CPU
		{D6DC9912-2701-4B6C-A845-EEDA1FA12357}.Release|Any CPU.Build.0 = Release|Any CPU
	EndGlobalSection
	GlobalSection(SolutionProperties) = preSolution
		HideSolutionNode = FALSE
	EndGlobalSection
	GlobalSection(ExtensibilityGlobals) = postSolution
		SolutionGuid = {A1FA6E56-6FBB-48BD-A00B-6F8123B42F50}
	EndGlobalSection
EndGlobal
